
Microsoft Visual Studio Solution File, Format Version 12.00
# Visual Studio Version 16
VisualStudioVersion = 16.0.30104.148
MinimumVisualStudioVersion = 10.0.40219.1
Project("{FAE04EC0-301F-11D3-BF4B-00C04F79EFBC}") = "HazyTouchWebsite", "HazyTouchWebsite\HazyTouchWebsite.csproj", "{BF30D4E4-E5F1-4CBC-951A-9EBEE067F7BC}"
EndProject
Global
	GlobalSection(SolutionConfigurationPlatforms) = preSolution
		Debug|Any CPU = Debug|Any CPU
		Release|Any CPU = Release|Any CPU
	EndGlobalSection
	GlobalSection(ProjectConfigurationPlatforms) = postSolution
		{BF30D4E4-E5F1-4CBC-951A-9EBEE067F7BC}.Debug|Any CPU.ActiveCfg = Debug|Any CPU
		{BF30D4E4-E5F1-4CBC-951A-9EBEE067F7BC}.Debug|Any CPU.Build.0 = Debug|Any CPU
		{BF30D4E4-E5F1-4CBC-951A-9EBEE067F7BC}.Release|Any CPU.ActiveCfg = Release|Any CPU
		{BF30D4E4-E5F1-4CBC-951A-9EBEE067F7BC}.Release|Any CPU.Build.0 = Release|Any CPU
	EndGlobalSection
	GlobalSection(SolutionProperties) = preSolution
		HideSolutionNode = FALSE
	EndGlobalSection
	GlobalSection(ExtensibilityGlobals) = postSolution
		SolutionGuid = {A6C4B93D-3C0A-49FB-BFB7-2DE6B72B30FB}
	EndGlobalSection
EndGlobal
